
Microsoft Visual Studio Solution File, Format Version 12.00
# Visual Studio Version 17
VisualStudioVersion = 17.9.34902.65
MinimumVisualStudioVersion = 10.0.40219.1
Project("{11A8DD76-328B-46DF-9F39-F559912D0360}") = "OrgpalPalXDemoApp", "OrgpalPalXDemoApp.nfproj", "{1ADCEBCD-E066-4407-B1D5-27CE5BEF15A3}"
EndProject
Global
	GlobalSection(SolutionConfigurationPlatforms) = preSolution
		Debug|Any CPU = Debug|Any CPU
		Release|Any CPU = Release|Any CPU
	EndGlobalSection
	GlobalSection(ProjectConfigurationPlatforms) = postSolution
		{1ADCEBCD-E066-4407-B1D5-27CE5BEF15A3}.Debug|Any CPU.ActiveCfg = Debug|Any CPU
		{1ADCEBCD-E066-4407-B1D5-27CE5BEF15A3}.Debug|Any CPU.Build.0 = Debug|Any CPU
		{1ADCEBCD-E066-4407-B1D5-27CE5BEF15A3}.Debug|Any CPU.Deploy.0 = Debug|Any CPU
		{1ADCEBCD-E066-4407-B1D5-27CE5BEF15A3}.Release|Any CPU.ActiveCfg = Release|Any CPU
		{1ADCEBCD-E066-4407-B1D5-27CE5BEF15A3}.Release|Any CPU.Build.0 = Release|Any CPU
		{1ADCEBCD-E066-4407-B1D5-27CE5BEF15A3}.Release|Any CPU.Deploy.0 = Release|Any CPU
	EndGlobalSection
	GlobalSection(SolutionProperties) = preSolution
		HideSolutionNode = FALSE
	EndGlobalSection
	GlobalSection(ExtensibilityGlobals) = postSolution
		SolutionGuid = {6590C71A-1755-45FE-ACFE-2F1E429E8A94}
	EndGlobalSection
EndGlobal
